
Microsoft Visual Studio Solution File, Format Version 12.00
# Visual Studio Version 16
VisualStudioVersion = 16.0.30413.136
MinimumVisualStudioVersion = 10.0.40219.1
Project("{FAE04EC0-301F-11D3-BF4B-00C04F79EFBC}") = "P1 Code", "P1 Code\P1 Code.csproj", "{CC4C20B7-57B2-4787-843D-146B71A00674}"
EndProject
Global
	GlobalSection(SolutionConfigurationPlatforms) = preSolution
		Debug|Any CPU = Debug|Any CPU
		Release|Any CPU = Release|Any CPU
	EndGlobalSection
	GlobalSection(ProjectConfigurationPlatforms) = postSolution
		{CC4C20B7-57B2-4787-843D-146B71A00674}.Debug|Any CPU.ActiveCfg = Debug|Any CPU
		{CC4C20B7-57B2-4787-843D-146B71A00674}.Debug|Any CPU.Build.0 = Debug|Any CPU
		{CC4C20B7-57B2-4787-843D-146B71A00674}.Release|Any CPU.ActiveCfg = Release|Any CPU
		{CC4C20B7-57B2-4787-843D-146B71A00674}.Release|Any CPU.Build.0 = Release|Any CPU
	EndGlobalSection
	GlobalSection(SolutionProperties) = preSolution
		HideSolutionNode = FALSE
	EndGlobalSection
	GlobalSection(ExtensibilityGlobals) = postSolution
		SolutionGuid = {75FC3A48-DD76-4A9F-9DDC-AEB47FF13AFE}
	EndGlobalSection
EndGlobal
